
Microsoft Visual Studio Solution File, Format Version 12.00
# Visual Studio Version 17
VisualStudioVersion = 17.0.32014.148
MinimumVisualStudioVersion = 10.0.40219.1
Project("{9A19103F-16F7-4668-BE54-9A1E7A4F7556}") = "CutterBotCS", "CutterBotCS\CutterBotCS.csproj", "{307C0700-3A08-4FEF-B52A-187FEFB2A619}"
EndProject
Project("{9A19103F-16F7-4668-BE54-9A1E7A4F7556}") = "CutterBotCS.ConsoleApp", "CutterBotCS.ConsoleApp\CutterBotCS.ConsoleApp.csproj", "{6CAEDF70-B814-475A-979A-93EA08E7ADA0}"
EndProject
Project("{9A19103F-16F7-4668-BE54-9A1E7A4F7556}") = "CutterBotCS.JobService", "CutterBotCS.CutterDragonService\CutterBotCS.JobService.csproj", "{F237756F-6F3E-439B-8075-08B5CA337150}"
EndProject
Project("{9A19103F-16F7-4668-BE54-9A1E7A4F7556}") = "CutterDragon", "CutterDragon\CutterDragon.csproj", "{41B106E1-6483-4E44-B99B-60EBFA8BB874}"
EndProject
Project("{9A19103F-16F7-4668-BE54-9A1E7A4F7556}") = "CutterDB", "CutterBotDB\CutterDB.csproj", "{C84DC3C9-A94C-4194-93A4-7F9812762DE4}"
EndProject
Global
	GlobalSection(SolutionConfigurationPlatforms) = preSolution
		Debug|Any CPU = Debug|Any CPU
		Release|Any CPU = Release|Any CPU
	EndGlobalSection
	GlobalSection(ProjectConfigurationPlatforms) = postSolution
		{307C0700-3A08-4FEF-B52A-187FEFB2A619}.Debug|Any CPU.ActiveCfg = Debug|Any CPU
		{307C0700-3A08-4FEF-B52A-187FEFB2A619}.Debug|Any CPU.Build.0 = Debug|Any CPU
		{307C0700-3A08-4FEF-B52A-187FEFB2A619}.Release|Any CPU.ActiveCfg = Release|Any CPU
		{307C0700-3A08-4FEF-B52A-187FEFB2A619}.Release|Any CPU.Build.0 = Release|Any CPU
		{6CAEDF70-B814-475A-979A-93EA08E7ADA0}.Debug|Any CPU.ActiveCfg = Debug|Any CPU
		{6CAEDF70-B814-475A-979A-93EA08E7ADA0}.Debug|Any CPU.Build.0 = Debug|Any CPU
		{6CAEDF70-B814-475A-979A-93EA08E7ADA0}.Release|Any CPU.ActiveCfg = Release|Any CPU
		{6CAEDF70-B814-475A-979A-93EA08E7ADA0}.Release|Any CPU.Build.0 = Release|Any CPU
		{F237756F-6F3E-439B-8075-08B5CA337150}.Debug|Any CPU.ActiveCfg = Debug|Any CPU
		{F237756F-6F3E-439B-8075-08B5CA337150}.Debug|Any CPU.Build.0 = Debug|Any CPU
		{F237756F-6F3E-439B-8075-08B5CA337150}.Release|Any CPU.ActiveCfg = Release|Any CPU
		{F237756F-6F3E-439B-8075-08B5CA337150}.Release|Any CPU.Build.0 = Release|Any CPU
		{41B106E1-6483-4E44-B99B-60EBFA8BB874}.Debug|Any CPU.ActiveCfg = Debug|Any CPU
		{41B106E1-6483-4E44-B99B-60EBFA8BB874}.Debug|Any CPU.Build.0 = Debug|Any CPU
		{41B106E1-6483-4E44-B99B-60EBFA8BB874}.Release|Any CPU.ActiveCfg = Release|Any CPU
		{41B106E1-6483-4E44-B99B-60EBFA8BB874}.Release|Any CPU.Build.0 = Release|Any CPU
		{C84DC3C9-A94C-4194-93A4-7F9812762DE4}.Debug|Any CPU.ActiveCfg = Debug|Any CPU
		{C84DC3C9-A94C-4194-93A4-7F9812762DE4}.Debug|Any CPU.Build.0 = Debug|Any CPU
		{C84DC3C9-A94C-4194-93A4-7F9812762DE4}.Release|Any CPU.ActiveCfg = Release|Any CPU
		{C84DC3C9-A94C-4194-93A4-7F9812762DE4}.Release|Any CPU.Build.0 = Release|Any CPU
	EndGlobalSection
	GlobalSection(SolutionProperties) = preSolution
		HideSolutionNode = FALSE
	EndGlobalSection
	GlobalSection(ExtensibilityGlobals) = postSolution
		SolutionGuid = {0E9E3DD8-2639-40B2-9963-83C892264DDD}
	EndGlobalSection
EndGlobal
